
Microsoft Visual Studio Solution File, Format Version 12.00
# Visual Studio 15
VisualStudioVersion = 15.0.27703.2042
MinimumVisualStudioVersion = 10.0.40219.1
Project("{FAE04EC0-301F-11D3-BF4B-00C04F79EFBC}") = "Movie Swear Remover", "Movie Swear Remover\Movie Swear Remover.csproj", "{D1E21587-E532-4164-A850-48565AAD911A}"
EndProject
Global
	GlobalSection(SolutionConfigurationPlatforms) = preSolution
		Debug|Any CPU = Debug|Any CPU
		Release|Any CPU = Release|Any CPU
	EndGlobalSection
	GlobalSection(ProjectConfigurationPlatforms) = postSolution
		{D1E21587-E532-4164-A850-48565AAD911A}.Debug|Any CPU.ActiveCfg = Debug|Any CPU
		{D1E21587-E532-4164-A850-48565AAD911A}.Debug|Any CPU.Build.0 = Debug|Any CPU
		{D1E21587-E532-4164-A850-48565AAD911A}.Release|Any CPU.ActiveCfg = Release|Any CPU
		{D1E21587-E532-4164-A850-48565AAD911A}.Release|Any CPU.Build.0 = Release|Any CPU
	EndGlobalSection
	GlobalSection(SolutionProperties) = preSolution
		HideSolutionNode = FALSE
	EndGlobalSection
	GlobalSection(ExtensibilityGlobals) = postSolution
		SolutionGuid = {06080C7C-952F-4AF7-9CC7-92D64F4653F8}
	EndGlobalSection
EndGlobal
